
Microsoft Visual Studio Solution File, Format Version 12.00
# Visual Studio Version 17
VisualStudioVersion = 17.9.34728.123
MinimumVisualStudioVersion = 10.0.40219.1
Project("{FAE04EC0-301F-11D3-BF4B-00C04F79EFBC}") = "StoreManage.Server", "StoreManage\Server\StoreManage.Server.csproj", "{C7967D50-47AF-4973-BB01-CCED11EAF924}"
EndProject
Project("{FAE04EC0-301F-11D3-BF4B-00C04F79EFBC}") = "StoreManage.Client", "StoreManage\Client\StoreManage.Client.csproj", "{8523DCEA-6CB7-4684-AA35-080388C09DC0}"
EndProject
Project("{FAE04EC0-301F-11D3-BF4B-00C04F79EFBC}") = "StoreManage.Shared", "StoreManage\Shared\StoreManage.Shared.csproj", "{30727AC2-CD23-460E-BE6F-1D2D6AC0703A}"
EndProject
Global
	GlobalSection(SolutionConfigurationPlatforms) = preSolution
		Debug|Any CPU = Debug|Any CPU
		Release|Any CPU = Release|Any CPU
	EndGlobalSection
	GlobalSection(ProjectConfigurationPlatforms) = postSolution
		{C7967D50-47AF-4973-BB01-CCED11EAF924}.Debug|Any CPU.ActiveCfg = Debug|Any CPU
		{C7967D50-47AF-4973-BB01-CCED11EAF924}.Debug|Any CPU.Build.0 = Debug|Any CPU
		{C7967D50-47AF-4973-BB01-CCED11EAF924}.Release|Any CPU.ActiveCfg = Release|Any CPU
		{C7967D50-47AF-4973-BB01-CCED11EAF924}.Release|Any CPU.Build.0 = Release|Any CPU
		{8523DCEA-6CB7-4684-AA35-080388C09DC0}.Debug|Any CPU.ActiveCfg = Debug|Any CPU
		{8523DCEA-6CB7-4684-AA35-080388C09DC0}.Debug|Any CPU.Build.0 = Debug|Any CPU
		{8523DCEA-6CB7-4684-AA35-080388C09DC0}.Release|Any CPU.ActiveCfg = Release|Any CPU
		{8523DCEA-6CB7-4684-AA35-080388C09DC0}.Release|Any CPU.Build.0 = Release|Any CPU
		{30727AC2-CD23-460E-BE6F-1D2D6AC0703A}.Debug|Any CPU.ActiveCfg = Debug|Any CPU
		{30727AC2-CD23-460E-BE6F-1D2D6AC0703A}.Debug|Any CPU.Build.0 = Debug|Any CPU
		{30727AC2-CD23-460E-BE6F-1D2D6AC0703A}.Release|Any CPU.ActiveCfg = Release|Any CPU
		{30727AC2-CD23-460E-BE6F-1D2D6AC0703A}.Release|Any CPU.Build.0 = Release|Any CPU
	EndGlobalSection
	GlobalSection(SolutionProperties) = preSolution
		HideSolutionNode = FALSE
	EndGlobalSection
	GlobalSection(ExtensibilityGlobals) = postSolution
		SolutionGuid = {01CB6C4F-E282-44F1-87AF-54519CFDD897}
	EndGlobalSection
EndGlobal
